// !$*UTF8*$!
{
	archiveVersion = 1;
	classes = {
	};
	objectVersion = 50;
	objects = {

/* Begin PBXBuildFile section */
		DD090EC1255AB2A900586859 /* MemorizeApp.swift in Sources */ = {isa = PBXBuildFile; fileRef = DD090EC0255AB2A900586859 /* MemorizeApp.swift */; };
		DD090EC3255AB2A900586859 /* EmojiMemoryGameview.swift in Sources */ = {isa = PBXBuildFile; fileRef = DD090EC2255AB2A900586859 /* EmojiMemoryGameview.swift */; };
		DD090EC5255AB2AA00586859 /* Assets.xcassets in Resources */ = {isa = PBXBuildFile; fileRef = DD090EC4255AB2AA00586859 /* Assets.xcassets */; };
		DD090EC8255AB2AA00586859 /* Preview Assets.xcassets in Resources */ = {isa = PBXBuildFile; fileRef = DD090EC7255AB2AA00586859 /* Preview Assets.xcassets */; };
		DD3A35E2255C1E0D00B9B71F /* MemoryGame.swift in Sources */ = {isa = PBXBuildFile; fileRef = DD3A35E1255C1E0D00B9B71F /* MemoryGame.swift */; };
		DD3A35E5255D50F300B9B71F /* EmojiMemoryGame.swift in Sources */ = {isa = PBXBuildFile; fileRef = DD3A35E4255D50F300B9B71F /* EmojiMemoryGame.swift */; };
		DDB5689925669978008614D0 /* Grid.swift in Sources */ = {isa = PBXBuildFile; fileRef = DDB5689825669977008614D0 /* Grid.swift */; };
		DDB5689D256D291F008614D0 /* GridLayout.swift in Sources */ = {isa = PBXBuildFile; fileRef = DDB5689C256D291F008614D0 /* GridLayout.swift */; };
		DDB568A0256D3575008614D0 /* Extensions.swift in Sources */ = {isa = PBXBuildFile; fileRef = DDB5689F256D3575008614D0 /* Extensions.swift */; };
/* End PBXBuildFile section */

/* Begin PBXFileReference section */
		DD090EBD255AB2A900586859 /* Memorize.app */ = {isa = PBXFileReference; explicitFileType = wrapper.application; includeInIndex = 0; path = Memorize.app; sourceTree = BUILT_PRODUCTS_DIR; };
		DD090EC0255AB2A900586859 /* MemorizeApp.swift */ = {isa = PBXFileReference; lastKnownFileType = sourcecode.swift; path = MemorizeApp.swift; sourceTree = "<group>"; };
		DD090EC2255AB2A900586859 /* EmojiMemoryGameview.swift */ = {isa = PBXFileReference; lastKnownFileType = sourcecode.swift; path = EmojiMemoryGameview.swift; sourceTree = "<group>"; };
		DD090EC4255AB2AA00586859 /* Assets.xcassets */ = {isa = PBXFileReference; lastKnownFileType = folder.assetcatalog; path = Assets.xcassets; sourceTree = "<group>"; };
		DD090EC7255AB2AA00586859 /* Preview Assets.xcassets */ = {isa = PBXFileReference; lastKnownFileType = folder.assetcatalog; path = "Preview Assets.xcassets"; sourceTree = "<group>"; };
		DD090EC9255AB2AA00586859 /* Info.plist */ = {isa = PBXFileReference; lastKnownFileType = text.plist.xml; path = Info.plist; sourceTree = "<group>"; };
		DD3A35E1255C1E0D00B9B71F /* MemoryGame.swift */ = {isa = PBXFileReference; lastKnownFileType = sourcecode.swift; path = MemoryGame.swift; sourceTree = "<group>"; };
		DD3A35E4255D50F300B9B71F /* EmojiMemoryGame.swift */ = {isa = PBXFileReference; lastKnownFileType = sourcecode.swift; path = EmojiMemoryGame.swift; sourceTree = "<group>"; };
		DDB5689825669977008614D0 /* Grid.swift */ = {isa = PBXFileReference; lastKnownFileType = sourcecode.swift; name = Grid.swift; path = Memorize/View/Grid.swift; sourceTree = SOURCE_ROOT; };
		DDB5689C256D291F008614D0 /* GridLayout.swift */ = {isa = PBXFileReference; fileEncoding = 4; lastKnownFileType = sourcecode.swift; name = GridLayout.swift; path = Memorize/View/GridLayout.swift; sourceTree = SOURCE_ROOT; };
		DDB5689F256D3575008614D0 /* Extensions.swift */ = {isa = PBXFileReference; lastKnownFileType = sourcecode.swift; path = Extensions.swift; sourceTree = "<group>"; };
/* End PBXFileReference section */

/* Begin PBXFrameworksBuildPhase section */
		DD090EBA255AB2A900586859 /* Frameworks */ = {
			isa = PBXFrameworksBuildPhase;
			buildActionMask = 2147483647;
			files = (
			);
			runOnlyForDeploymentPostprocessing = 0;
		};
/* End PBXFrameworksBuildPhase section */

/* Begin PBXGroup section */
		DD090EB4255AB2A900586859 = {
			isa = PBXGroup;
			children = (
				DD090EBF255AB2A900586859 /* Memorize */,
				DD090EBE255AB2A900586859 /* Products */,
			);
			sourceTree = "<group>";
		};
		DD090EBE255AB2A900586859 /* Products */ = {
			isa = PBXGroup;
			children = (
				DD090EBD255AB2A900586859 /* Memorize.app */,
			);
			name = Products;
			sourceTree = "<group>";
		};
		DD090EBF255AB2A900586859 /* Memorize */ = {
			isa = PBXGroup;
			children = (
				DD090EC0255AB2A900586859 /* MemorizeApp.swift */,
				DDB5689F256D3575008614D0 /* Extensions.swift */,
				DDB568A3256D4BDA008614D0 /* View */,
				DDB568A4256D4BDD008614D0 /* ModelView */,
				DDB568A2256D4BD1008614D0 /* Model */,
				DD090EC4255AB2AA00586859 /* Assets.xcassets */,
				DD090EC9255AB2AA00586859 /* Info.plist */,
				DD090EC6255AB2AA00586859 /* Preview Content */,
			);
			path = Memorize;
			sourceTree = "<group>";
		};
		DD090EC6255AB2AA00586859 /* Preview Content */ = {
			isa = PBXGroup;
			children = (
				DD090EC7255AB2AA00586859 /* Preview Assets.xcassets */,
			);
			path = "Preview Content";
			sourceTree = "<group>";
		};
		DDB568A2256D4BD1008614D0 /* Model */ = {
			isa = PBXGroup;
			children = (
				DD3A35E1255C1E0D00B9B71F /* MemoryGame.swift */,
			);
			path = Model;
			sourceTree = "<group>";
		};
		DDB568A3256D4BDA008614D0 /* View */ = {
			isa = PBXGroup;
			children = (
				DD090EC2255AB2A900586859 /* EmojiMemoryGameview.swift */,
				DDB5689825669977008614D0 /* Grid.swift */,
				DDB5689C256D291F008614D0 /* GridLayout.swift */,
			);
			path = View;
			sourceTree = "<group>";
		};
		DDB568A4256D4BDD008614D0 /* ModelView */ = {
			isa = PBXGroup;
			children = (
				DD3A35E4255D50F300B9B71F /* EmojiMemoryGame.swift */,
			);
			path = ModelView;
			sourceTree = "<group>";
		};
/* End PBXGroup section */

/* Begin PBXNativeTarget section */
		DD090EBC255AB2A900586859 /* Memorize */ = {
			isa = PBXNativeTarget;
			buildConfigurationList = DD090ECC255AB2AA00586859 /* Build configuration list for PBXNativeTarget "Memorize" */;
			buildPhases = (
				DD090EB9255AB2A900586859 /* Sources */,
				DD090EBA255AB2A900586859 /* Frameworks */,
				DD090EBB255AB2A900586859 /* Resources */,
			);
			buildRules = (
			);
			dependencies = (
			);
			name = Memorize;
			productName = Memorize;
			productReference = DD090EBD255AB2A900586859 /* Memorize.app */;
			productType = "com.apple.product-type.application";
		};
/* End PBXNativeTarget section */

/* Begin PBXProject section */
		DD090EB5255AB2A900586859 /* Project object */ = {
			isa = PBXProject;
			attributes = {
				LastSwiftUpdateCheck = 1210;
				LastUpgradeCheck = 1210;
				TargetAttributes = {
					DD090EBC255AB2A900586859 = {
						CreatedOnToolsVersion = 12.1;
					};
				};
			};
			buildConfigurationList = DD090EB8255AB2A900586859 /* Build configuration list for PBXProject "Memorize" */;
			compatibilityVersion = "Xcode 9.3";
			developmentRegion = en;
			hasScannedForEncodings = 0;
			knownRegions = (
				en,
				Base,
			);
			mainGroup = DD090EB4255AB2A900586859;
			productRefGroup = DD090EBE255AB2A900586859 /* Products */;
			projectDirPath = "";
			projectRoot = "";
			targets = (
				DD090EBC255AB2A900586859 /* Memorize */,
			);
		};
/* End PBXProject section */

/* Begin PBXResourcesBuildPhase section */
		DD090EBB255AB2A900586859 /* Resources */ = {
			isa = PBXResourcesBuildPhase;
			buildActionMask = 2147483647;
			files = (
				DD090EC8255AB2AA00586859 /* Preview Assets.xcassets in Resources */,
				DD090EC5255AB2AA00586859 /* Assets.xcassets in Resources */,
			);
			runOnlyForDeploymentPostprocessing = 0;
		};
/* End PBXResourcesBuildPhase section */

/* Begin PBXSourcesBuildPhase section */
		DD090EB9255AB2A900586859 /* Sources */ = {
			isa = PBXSourcesBuildPhase;
			buildActionMask = 2147483647;
			files = (
				DD3A35E2255C1E0D00B9B71F /* MemoryGame.swift in Sources */,
				DD090EC3255AB2A900586859 /* EmojiMemoryGameview.swift in Sources */,
				DD090EC1255AB2A900586859 /* MemorizeApp.swift in Sources */,
				DDB5689D256D291F008614D0 /* GridLayout.swift in Sources */,
				DD3A35E5255D50F300B9B71F /* EmojiMemoryGame.swift in Sources */,
				DDB5689925669978008614D0 /* Grid.swift in Sources */,
				DDB568A0256D3575008614D0 /* Extensions.swift in Sources */,
			);
			runOnlyForDeploymentPostprocessing = 0;
		};
/* End PBXSourcesBuildPhase section */

/* Begin XCBuildConfiguration section */
		DD090ECA255AB2AA00586859 /* Debug */ = {
			isa = XCBuildConfiguration;
			buildSettings = {
				ALWAYS_SEARCH_USER_PATHS = NO;
				CLANG_ANALYZER_NONNULL = YES;
				CLANG_ANALYZER_NUMBER_OBJECT_CONVERSION = YES_AGGRESSIVE;
				CLANG_CXX_LANGUAGE_STANDARD = "gnu++14";
				CLANG_CXX_LIBRARY = "libc++";
				CLANG_ENABLE_MODULES = YES;
				CLANG_ENABLE_OBJC_ARC = YES;
				CLANG_ENABLE_OBJC_WEAK = YES;
				CLANG_WARN_BLOCK_CAPTURE_AUTORELEASING = YES;
				CLANG_WARN_BOOL_CONVERSION = YES;
				CLANG_WARN_COMMA = YES;
				CLANG_WARN_CONSTANT_CONVERSION = YES;
				CLANG_WARN_DEPRECATED_OBJC_IMPLEMENTATIONS = YES;
				CLANG_WARN_DIRECT_OBJC_ISA_USAGE = YES_ERROR;
				CLANG_WARN_DOCUMENTATION_COMMENTS = YES;
				CLANG_WARN_EMPTY_BODY = YES;
				CLANG_WARN_ENUM_CONVERSION = YES;
				CLANG_WARN_INFINITE_RECURSION = YES;
				CLANG_WARN_INT_CONVERSION = YES;
				CLANG_WARN_NON_LITERAL_NULL_CONVERSION = YES;
				CLANG_WARN_OBJC_IMPLICIT_RETAIN_SELF = YES;
				CLANG_WARN_OBJC_LITERAL_CONVERSION = YES;
				CLANG_WARN_OBJC_ROOT_CLASS = YES_ERROR;
				CLANG_WARN_QUOTED_INCLUDE_IN_FRAMEWORK_HEADER = YES;
				CLANG_WARN_RANGE_LOOP_ANALYSIS = YES;
				CLANG_WARN_STRICT_PROTOTYPES = YES;
				CLANG_WARN_SUSPICIOUS_MOVE = YES;
				CLANG_WARN_UNGUARDED_AVAILABILITY = YES_AGGRESSIVE;
				CLANG_WARN_UNREACHABLE_CODE = YES;
				CLANG_WARN__DUPLICATE_METHOD_MATCH = YES;
				COPY_PHASE_STRIP = NO;
				DEBUG_INFORMATION_FORMAT = dwarf;
				ENABLE_STRICT_OBJC_MSGSEND = YES;
				ENABLE_TESTABILITY = YES;
				GCC_C_LANGUAGE_STANDARD = gnu11;
				GCC_DYNAMIC_NO_PIC = NO;
				GCC_NO_COMMON_BLOCKS = YES;
				GCC_OPTIMIZATION_LEVEL = 0;
				GCC_PREPROCESSOR_DEFINITIONS = (
					"DEBUG=1",
					"$(inherited)",
				);
				GCC_WARN_64_TO_32_BIT_CONVERSION = YES;
				GCC_WARN_ABOUT_RETURN_TYPE = YES_ERROR;
				GCC_WARN_UNDECLARED_SELECTOR = YES;
				GCC_WARN_UNINITIALIZED_AUTOS = YES_AGGRESSIVE;
				GCC_WARN_UNUSED_FUNCTION = YES;
				GCC_WARN_UNUSED_VARIABLE = YES;
				IPHONEOS_DEPLOYMENT_TARGET = 14.1;
				MTL_ENABLE_DEBUG_INFO = INCLUDE_SOURCE;
				MTL_FAST_MATH = YES;
				ONLY_ACTIVE_ARCH = YES;
				SDKROOT = iphoneos;
				SWIFT_ACTIVE_COMPILATION_CONDITIONS = DEBUG;
				SWIFT_OPTIMIZATION_LEVEL = "-Onone";
			};
			name = Debug;
		};
		DD090ECB255AB2AA00586859 /* Release */ = {
			isa = XCBuildConfiguration;
			buildSettings = {
				ALWAYS_SEARCH_USER_PATHS = NO;
				CLANG_ANALYZER_NONNULL = YES;
				CLANG_ANALYZER_NUMBER_OBJECT_CONVERSION = YES_AGGRESSIVE;
				CLANG_CXX_LANGUAGE_STANDARD = "gnu++14";
				CLANG_CXX_LIBRARY = "libc++";
				CLANG_ENABLE_MODULES = YES;
				CLANG_ENABLE_OBJC_ARC = YES;
				CLANG_ENABLE_OBJC_WEAK = YES;
				CLANG_WARN_BLOCK_CAPTURE_AUTORELEASING = YES;
				CLANG_WARN_BOOL_CONVERSION = YES;
				CLANG_WARN_COMMA = YES;
				CLANG_WARN_CONSTANT_CONVERSION = YES;
				CLANG_WARN_DEPRECATED_OBJC_IMPLEMENTATIONS = YES;
				CLANG_WARN_DIRECT_OBJC_ISA_USAGE = YES_ERROR;
				CLANG_WARN_DOCUMENTATION_COMMENTS = YES;
				CLANG_WARN_EMPTY_BODY = YES;
				CLANG_WARN_ENUM_CONVERSION = YES;
				CLANG_WARN_INFINITE_RECURSION = YES;
				CLANG_WARN_INT_CONVERSION = YES;
				CLANG_WARN_NON_LITERAL_NULL_CONVERSION = YES;
				CLANG_WARN_OBJC_IMPLICIT_RETAIN_SELF = YES;
				CLANG_WARN_OBJC_LITERAL_CONVERSION = YES;
				CLANG_WARN_OBJC_ROOT_CLASS = YES_ERROR;
				CLANG_WARN_QUOTED_INCLUDE_IN_FRAMEWORK_HEADER = YES;
				CLANG_WARN_RANGE_LOOP_ANALYSIS = YES;
				CLANG_WARN_STRICT_PROTOTYPES = YES;
				CLANG_WARN_SUSPICIOUS_MOVE = YES;
				CLANG_WARN_UNGUARDED_AVAILABILITY = YES_AGGRESSIVE;
				CLANG_WARN_UNREACHABLE_CODE = YES;
				CLANG_WARN__DUPLICATE_METHOD_MATCH = YES;
				COPY_PHASE_STRIP = NO;
				DEBUG_INFORMATION_FORMAT = "dwarf-with-dsym";
				ENABLE_NS_ASSERTIONS = NO;
				ENABLE_STRICT_OBJC_MSGSEND = YES;
				GCC_C_LANGUAGE_STANDARD = gnu11;
				GCC_NO_COMMON_BLOCKS = YES;
				GCC_WARN_64_TO_32_BIT_CONVERSION = YES;
				GCC_WARN_ABOUT_RETURN_TYPE = YES_ERROR;
				GCC_WARN_UNDECLARED_SELECTOR = YES;
				GCC_WARN_UNINITIALIZED_AUTOS = YES_AGGRESSIVE;
				GCC_WARN_UNUSED_FUNCTION = YES;
				GCC_WARN_UNUSED_VARIABLE = YES;
				IPHONEOS_DEPLOYMENT_TARGET = 14.1;
				MTL_ENABLE_DEBUG_INFO = NO;
				MTL_FAST_MATH = YES;
				SDKROOT = iphoneos;
				SWIFT_COMPILATION_MODE = wholemodule;
				SWIFT_OPTIMIZATION_LEVEL = "-O";
				VALIDATE_PRODUCT = YES;
			};
			name = Release;
		};
		DD090ECD255AB2AA00586859 /* Debug */ = {
			isa = XCBuildConfiguration;
			buildSettings = {
				ASSETCATALOG_COMPILER_APPICON_NAME = AppIcon;
				ASSETCATALOG_COMPILER_GLOBAL_ACCENT_COLOR_NAME = AccentColor;
				CODE_SIGN_STYLE = Automatic;
				DEVELOPMENT_ASSET_PATHS = "\"Memorize/Preview Content\"";
				DEVELOPMENT_TEAM = 5Y5KPADL48;
				ENABLE_PREVIEWS = YES;
				INFOPLIST_FILE = Memorize/Info.plist;
				IPHONEOS_DEPLOYMENT_TARGET = 14.0;
				LD_RUNPATH_SEARCH_PATHS = (
					"$(inherited)",
					"@executable_path/Frameworks",
				);
				PRODUCT_BUNDLE_IDENTIFIER = br.com.105devs.Memorize;
				PRODUCT_NAME = "$(TARGET_NAME)";
				SWIFT_VERSION = 5.0;
				TARGETED_DEVICE_FAMILY = "1,2";
			};
			name = Debug;
		};
		DD090ECE255AB2AA00586859 /* Release */ = {
			isa = XCBuildConfiguration;
			buildSettings = {
				ASSETCATALOG_COMPILER_APPICON_NAME = AppIcon;
				ASSETCATALOG_COMPILER_GLOBAL_ACCENT_COLOR_NAME = AccentColor;
				CODE_SIGN_STYLE = Automatic;
				DEVELOPMENT_ASSET_PATHS = "\"Memorize/Preview Content\"";
				DEVELOPMENT_TEAM = 5Y5KPADL48;
				ENABLE_PREVIEWS = YES;
				INFOPLIST_FILE = Memorize/Info.plist;
				IPHONEOS_DEPLOYMENT_TARGET = 14.0;
				LD_RUNPATH_SEARCH_PATHS = (
					"$(inherited)",
					"@executable_path/Frameworks",
				);
				PRODUCT_BUNDLE_IDENTIFIER = br.com.105devs.Memorize;
				PRODUCT_NAME = "$(TARGET_NAME)";
				SWIFT_VERSION = 5.0;
				TARGETED_DEVICE_FAMILY = "1,2";
			};
			name = Release;
		};
/* End XCBuildConfiguration section */

/* Begin XCConfigurationList section */
		DD090EB8255AB2A900586859 /* Build configuration list for PBXProject "Memorize" */ = {
			isa = XCConfigurationList;
			buildConfigurations = (
				DD090ECA255AB2AA00586859 /* Debug */,
				DD090ECB255AB2AA00586859 /* Release */,
			);
			defaultConfigurationIsVisible = 0;
			defaultConfigurationName = Release;
		};
		DD090ECC255AB2AA00586859 /* Build configuration list for PBXNativeTarget "Memorize" */ = {
			isa = XCConfigurationList;
			buildConfigurations = (
				DD090ECD255AB2AA00586859 /* Debug */,
				DD090ECE255AB2AA00586859 /* Release */,
			);
			defaultConfigurationIsVisible = 0;
			defaultConfigurationName = Release;
		};
/* End XCConfigurationList section */
	};
	rootObject = DD090EB5255AB2A900586859 /* Project object */;
}
